// !$*UTF8*$!
{
	archiveVersion = 1;
	classes = {
	};
	objectVersion = 50;
	objects = {

/* Begin PBXBuildFile section */
		794219A0371524797FEC1BE5 /* Pods_components_IOS.framework in Frameworks */ = {isa = PBXBuildFile; fileRef = FB9365B8A456BDBA90B75750 /* Pods_components_IOS.framework */; };
		DD34BD64220DCAEA0028341A /* LocationManager.swift in Sources */ = {isa = PBXBuildFile; fileRef = DD34BD63220DCAEA0028341A /* LocationManager.swift */; };
		DD34BD67220DCBCB0028341A /* CoreLocation.framework in Frameworks */ = {isa = PBXBuildFile; fileRef = DD34BD66220DCBCB0028341A /* CoreLocation.framework */; };
		DD34BD69220DE0010028341A /* GPSModel.swift in Sources */ = {isa = PBXBuildFile; fileRef = DD34BD68220DE0010028341A /* GPSModel.swift */; };
		DD5E4513221EE86800A1AD87 /* Main.storyboard in Resources */ = {isa = PBXBuildFile; fileRef = DD5E4511221EE86800A1AD87 /* Main.storyboard */; };
		DD5E4515221EF54300A1AD87 /* CalculateAgeViewModel.swift in Sources */ = {isa = PBXBuildFile; fileRef = DD5E4514221EF54300A1AD87 /* CalculateAgeViewModel.swift */; };
		DDBCC741221F087300146605 /* Styles.swift in Sources */ = {isa = PBXBuildFile; fileRef = DDBCC740221F087300146605 /* Styles.swift */; };
		DDBCC743221F0AA000146605 /* Colors.swift in Sources */ = {isa = PBXBuildFile; fileRef = DDBCC742221F0AA000146605 /* Colors.swift */; };
		DDBCC745221F0D0400146605 /* CornerRectangleTextField.swift in Sources */ = {isa = PBXBuildFile; fileRef = DDBCC744221F0D0400146605 /* CornerRectangleTextField.swift */; };
		DDC37073221DED9C007DB9DF /* CalculateAgeViewController.swift in Sources */ = {isa = PBXBuildFile; fileRef = DDC37072221DED9C007DB9DF /* CalculateAgeViewController.swift */; };
		DDE9C33F220B6DDF002B0BF9 /* AppDelegate.swift in Sources */ = {isa = PBXBuildFile; fileRef = DDE9C33E220B6DDF002B0BF9 /* AppDelegate.swift */; };
		DDE9C341220B6DDF002B0BF9 /* ViewController.swift in Sources */ = {isa = PBXBuildFile; fileRef = DDE9C340220B6DDF002B0BF9 /* ViewController.swift */; };
		DDE9C346220B6DE1002B0BF9 /* Assets.xcassets in Resources */ = {isa = PBXBuildFile; fileRef = DDE9C345220B6DE1002B0BF9 /* Assets.xcassets */; };
		DDE9C349220B6DE1002B0BF9 /* LaunchScreen.storyboard in Resources */ = {isa = PBXBuildFile; fileRef = DDE9C347220B6DE1002B0BF9 /* LaunchScreen.storyboard */; };
		DDE9C354220B6EAD002B0BF9 /* PlacesModel.swift in Sources */ = {isa = PBXBuildFile; fileRef = DDE9C353220B6EAD002B0BF9 /* PlacesModel.swift */; };
		DDE9C357220B6EEF002B0BF9 /* APIService.swift in Sources */ = {isa = PBXBuildFile; fileRef = DDE9C356220B6EEF002B0BF9 /* APIService.swift */; };
		DDE9C35A220B6F5B002B0BF9 /* PlaceListTableViewCell.swift in Sources */ = {isa = PBXBuildFile; fileRef = DDE9C359220B6F5B002B0BF9 /* PlaceListTableViewCell.swift */; };
		DDE9C35C220B6F7E002B0BF9 /* PlacesViewModel.swift in Sources */ = {isa = PBXBuildFile; fileRef = DDE9C35B220B6F7E002B0BF9 /* PlacesViewModel.swift */; };
		DDE9C35E220B6FA9002B0BF9 /* PlacesViewController.swift in Sources */ = {isa = PBXBuildFile; fileRef = DDE9C35D220B6FA9002B0BF9 /* PlacesViewController.swift */; };
/* End PBXBuildFile section */

/* Begin PBXFileReference section */
		577D9A355D29A5400B9A69E8 /* Pods-components-IOS.release.xcconfig */ = {isa = PBXFileReference; includeInIndex = 1; lastKnownFileType = text.xcconfig; name = "Pods-components-IOS.release.xcconfig"; path = "Pods/Target Support Files/Pods-components-IOS/Pods-components-IOS.release.xcconfig"; sourceTree = "<group>"; };
		C81AD7DF8E4AA8AA22091815 /* Pods-components-IOS.debug.xcconfig */ = {isa = PBXFileReference; includeInIndex = 1; lastKnownFileType = text.xcconfig; name = "Pods-components-IOS.debug.xcconfig"; path = "Pods/Target Support Files/Pods-components-IOS/Pods-components-IOS.debug.xcconfig"; sourceTree = "<group>"; };
		DD34BD63220DCAEA0028341A /* LocationManager.swift */ = {isa = PBXFileReference; lastKnownFileType = sourcecode.swift; path = LocationManager.swift; sourceTree = "<group>"; };
		DD34BD66220DCBCB0028341A /* CoreLocation.framework */ = {isa = PBXFileReference; lastKnownFileType = wrapper.framework; name = CoreLocation.framework; path = System/Library/Frameworks/CoreLocation.framework; sourceTree = SDKROOT; };
		DD34BD68220DE0010028341A /* GPSModel.swift */ = {isa = PBXFileReference; lastKnownFileType = sourcecode.swift; path = GPSModel.swift; sourceTree = "<group>"; };
		DD5E4512221EE86800A1AD87 /* Base */ = {isa = PBXFileReference; lastKnownFileType = file.storyboard; name = Base; path = "components-IOS/Base.lproj/Main.storyboard"; sourceTree = "<group>"; };
		DD5E4514221EF54300A1AD87 /* CalculateAgeViewModel.swift */ = {isa = PBXFileReference; lastKnownFileType = sourcecode.swift; path = CalculateAgeViewModel.swift; sourceTree = "<group>"; };
		DD840013222583E400D39D40 /* Closures.playground */ = {isa = PBXFileReference; lastKnownFileType = file.playground; path = Closures.playground; sourceTree = "<group>"; xcLanguageSpecificationIdentifier = xcode.lang.swift; };
		DDBCC740221F087300146605 /* Styles.swift */ = {isa = PBXFileReference; lastKnownFileType = sourcecode.swift; path = Styles.swift; sourceTree = "<group>"; };
		DDBCC742221F0AA000146605 /* Colors.swift */ = {isa = PBXFileReference; lastKnownFileType = sourcecode.swift; path = Colors.swift; sourceTree = "<group>"; };
		DDBCC744221F0D0400146605 /* CornerRectangleTextField.swift */ = {isa = PBXFileReference; lastKnownFileType = sourcecode.swift; path = CornerRectangleTextField.swift; sourceTree = "<group>"; };
		DDC37072221DED9C007DB9DF /* CalculateAgeViewController.swift */ = {isa = PBXFileReference; lastKnownFileType = sourcecode.swift; path = CalculateAgeViewController.swift; sourceTree = "<group>"; };
		DDE603632215F498008F07D6 /* DataTypes.playground */ = {isa = PBXFileReference; lastKnownFileType = file.playground; path = DataTypes.playground; sourceTree = "<group>"; xcLanguageSpecificationIdentifier = xcode.lang.swift; };
		DDE9C33B220B6DDF002B0BF9 /* components-IOS.app */ = {isa = PBXFileReference; explicitFileType = wrapper.application; includeInIndex = 0; path = "components-IOS.app"; sourceTree = BUILT_PRODUCTS_DIR; };
		DDE9C33E220B6DDF002B0BF9 /* AppDelegate.swift */ = {isa = PBXFileReference; lastKnownFileType = sourcecode.swift; path = AppDelegate.swift; sourceTree = "<group>"; };
		DDE9C340220B6DDF002B0BF9 /* ViewController.swift */ = {isa = PBXFileReference; lastKnownFileType = sourcecode.swift; path = ViewController.swift; sourceTree = "<group>"; };
		DDE9C345220B6DE1002B0BF9 /* Assets.xcassets */ = {isa = PBXFileReference; lastKnownFileType = folder.assetcatalog; path = Assets.xcassets; sourceTree = "<group>"; };
		DDE9C348220B6DE1002B0BF9 /* Base */ = {isa = PBXFileReference; lastKnownFileType = file.storyboard; name = Base; path = Base.lproj/LaunchScreen.storyboard; sourceTree = "<group>"; };
		DDE9C34A220B6DE1002B0BF9 /* Info.plist */ = {isa = PBXFileReference; lastKnownFileType = text.plist.xml; path = Info.plist; sourceTree = "<group>"; };
		DDE9C353220B6EAD002B0BF9 /* PlacesModel.swift */ = {isa = PBXFileReference; lastKnownFileType = sourcecode.swift; path = PlacesModel.swift; sourceTree = "<group>"; };
		DDE9C356220B6EEF002B0BF9 /* APIService.swift */ = {isa = PBXFileReference; lastKnownFileType = sourcecode.swift; path = APIService.swift; sourceTree = "<group>"; };
		DDE9C359220B6F5B002B0BF9 /* PlaceListTableViewCell.swift */ = {isa = PBXFileReference; lastKnownFileType = sourcecode.swift; path = PlaceListTableViewCell.swift; sourceTree = "<group>"; };
		DDE9C35B220B6F7E002B0BF9 /* PlacesViewModel.swift */ = {isa = PBXFileReference; lastKnownFileType = sourcecode.swift; path = PlacesViewModel.swift; sourceTree = "<group>"; };
		DDE9C35D220B6FA9002B0BF9 /* PlacesViewController.swift */ = {isa = PBXFileReference; lastKnownFileType = sourcecode.swift; path = PlacesViewController.swift; sourceTree = "<group>"; };
		FB9365B8A456BDBA90B75750 /* Pods_components_IOS.framework */ = {isa = PBXFileReference; explicitFileType = wrapper.framework; includeInIndex = 0; path = Pods_components_IOS.framework; sourceTree = BUILT_PRODUCTS_DIR; };
/* End PBXFileReference section */

/* Begin PBXFrameworksBuildPhase section */
		DDE9C338220B6DDF002B0BF9 /* Frameworks */ = {
			isa = PBXFrameworksBuildPhase;
			buildActionMask = 2147483647;
			files = (
				DD34BD67220DCBCB0028341A /* CoreLocation.framework in Frameworks */,
				794219A0371524797FEC1BE5 /* Pods_components_IOS.framework in Frameworks */,
			);
			runOnlyForDeploymentPostprocessing = 0;
		};
/* End PBXFrameworksBuildPhase section */

/* Begin PBXGroup section */
		52C3CE98C096AAC86EDC62ED /* Pods */ = {
			isa = PBXGroup;
			children = (
				C81AD7DF8E4AA8AA22091815 /* Pods-components-IOS.debug.xcconfig */,
				577D9A355D29A5400B9A69E8 /* Pods-components-IOS.release.xcconfig */,
			);
			name = Pods;
			sourceTree = "<group>";
		};
		DD34BD65220DCBCA0028341A /* Frameworks */ = {
			isa = PBXGroup;
			children = (
				DD34BD66220DCBCB0028341A /* CoreLocation.framework */,
				FB9365B8A456BDBA90B75750 /* Pods_components_IOS.framework */,
			);
			name = Frameworks;
			sourceTree = "<group>";
		};
		DDBCC73F221F081900146605 /* Components */ = {
			isa = PBXGroup;
			children = (
				DDBCC740221F087300146605 /* Styles.swift */,
				DDBCC742221F0AA000146605 /* Colors.swift */,
				DDBCC744221F0D0400146605 /* CornerRectangleTextField.swift */,
			);
			path = Components;
			sourceTree = "<group>";
		};
		DDC37070221DEC81007DB9DF /* CalculateAge */ = {
			isa = PBXGroup;
			children = (
				DDC37072221DED9C007DB9DF /* CalculateAgeViewController.swift */,
				DD5E4514221EF54300A1AD87 /* CalculateAgeViewModel.swift */,
			);
			path = CalculateAge;
			sourceTree = "<group>";
		};
		DDE9C332220B6DDF002B0BF9 = {
			isa = PBXGroup;
			children = (
				DDE9C33D220B6DDF002B0BF9 /* components-IOS */,
				DDE9C33C220B6DDF002B0BF9 /* Products */,
				DD34BD65220DCBCA0028341A /* Frameworks */,
				52C3CE98C096AAC86EDC62ED /* Pods */,
			);
			sourceTree = "<group>";
		};
		DDE9C33C220B6DDF002B0BF9 /* Products */ = {
			isa = PBXGroup;
			children = (
				DDE9C33B220B6DDF002B0BF9 /* components-IOS.app */,
			);
			name = Products;
			sourceTree = "<group>";
		};
		DDE9C33D220B6DDF002B0BF9 /* components-IOS */ = {
			isa = PBXGroup;
			children = (
				DDBCC73F221F081900146605 /* Components */,
				DDE9C350220B6E69002B0BF9 /* MVVM */,
				DDE9C33E220B6DDF002B0BF9 /* AppDelegate.swift */,
				DDC37070221DEC81007DB9DF /* CalculateAge */,
				DDE9C340220B6DDF002B0BF9 /* ViewController.swift */,
				DD5E4511221EE86800A1AD87 /* Main.storyboard */,
				DDE9C345220B6DE1002B0BF9 /* Assets.xcassets */,
				DDE9C347220B6DE1002B0BF9 /* LaunchScreen.storyboard */,
				DDE9C34A220B6DE1002B0BF9 /* Info.plist */,
				DDE603632215F498008F07D6 /* DataTypes.playground */,
				DD840013222583E400D39D40 /* Closures.playground */,
			);
			path = "components-IOS";
			sourceTree = "<group>";
		};
		DDE9C350220B6E69002B0BF9 /* MVVM */ = {
			isa = PBXGroup;
			children = (
				DDE9C351220B6E89002B0BF9 /* Data */,
				DDE9C355220B6EC1002B0BF9 /* Network */,
				DDE9C358220B6F05002B0BF9 /* Module */,
			);
			path = MVVM;
			sourceTree = "<group>";
		};
		DDE9C351220B6E89002B0BF9 /* Data */ = {
			isa = PBXGroup;
			children = (
				DDE9C352220B6E99002B0BF9 /* Model */,
			);
			path = Data;
			sourceTree = "<group>";
		};
		DDE9C352220B6E99002B0BF9 /* Model */ = {
			isa = PBXGroup;
			children = (
				DDE9C353220B6EAD002B0BF9 /* PlacesModel.swift */,
				DD34BD68220DE0010028341A /* GPSModel.swift */,
			);
			path = Model;
			sourceTree = "<group>";
		};
		DDE9C355220B6EC1002B0BF9 /* Network */ = {
			isa = PBXGroup;
			children = (
				DDE9C356220B6EEF002B0BF9 /* APIService.swift */,
				DD34BD63220DCAEA0028341A /* LocationManager.swift */,
			);
			path = Network;
			sourceTree = "<group>";
		};
		DDE9C358220B6F05002B0BF9 /* Module */ = {
			isa = PBXGroup;
			children = (
				DDE9C35B220B6F7E002B0BF9 /* PlacesViewModel.swift */,
				DDE9C35D220B6FA9002B0BF9 /* PlacesViewController.swift */,
				DDE9C359220B6F5B002B0BF9 /* PlaceListTableViewCell.swift */,
			);
			path = Module;
			sourceTree = "<group>";
		};
/* End PBXGroup section */

/* Begin PBXNativeTarget section */
		DDE9C33A220B6DDF002B0BF9 /* components-IOS */ = {
			isa = PBXNativeTarget;
			buildConfigurationList = DDE9C34D220B6DE1002B0BF9 /* Build configuration list for PBXNativeTarget "components-IOS" */;
			buildPhases = (
				C04A97DD85F794CC67B40673 /* [CP] Check Pods Manifest.lock */,
				DDE9C337220B6DDF002B0BF9 /* Sources */,
				DDE9C338220B6DDF002B0BF9 /* Frameworks */,
				DDE9C339220B6DDF002B0BF9 /* Resources */,
				24A31753D0890168C77AA4DA /* [CP] Embed Pods Frameworks */,
			);
			buildRules = (
			);
			dependencies = (
			);
			name = "components-IOS";
			productName = "components-IOS";
			productReference = DDE9C33B220B6DDF002B0BF9 /* components-IOS.app */;
			productType = "com.apple.product-type.application";
		};
/* End PBXNativeTarget section */

/* Begin PBXProject section */
		DDE9C333220B6DDF002B0BF9 /* Project object */ = {
			isa = PBXProject;
			attributes = {
				LastSwiftUpdateCheck = 1010;
				LastUpgradeCheck = 1010;
				ORGANIZATIONNAME = UpperDev;
				TargetAttributes = {
					DDE9C33A220B6DDF002B0BF9 = {
						CreatedOnToolsVersion = 10.1;
					};
				};
			};
			buildConfigurationList = DDE9C336220B6DDF002B0BF9 /* Build configuration list for PBXProject "components-IOS" */;
			compatibilityVersion = "Xcode 9.3";
			developmentRegion = en;
			hasScannedForEncodings = 0;
			knownRegions = (
				en,
				Base,
			);
			mainGroup = DDE9C332220B6DDF002B0BF9;
			productRefGroup = DDE9C33C220B6DDF002B0BF9 /* Products */;
			projectDirPath = "";
			projectRoot = "";
			targets = (
				DDE9C33A220B6DDF002B0BF9 /* components-IOS */,
			);
		};
/* End PBXProject section */

/* Begin PBXResourcesBuildPhase section */
		DDE9C339220B6DDF002B0BF9 /* Resources */ = {
			isa = PBXResourcesBuildPhase;
			buildActionMask = 2147483647;
			files = (
				DD5E4513221EE86800A1AD87 /* Main.storyboard in Resources */,
				DDE9C349220B6DE1002B0BF9 /* LaunchScreen.storyboard in Resources */,
				DDE9C346220B6DE1002B0BF9 /* Assets.xcassets in Resources */,
			);
			runOnlyForDeploymentPostprocessing = 0;
		};
/* End PBXResourcesBuildPhase section */

/* Begin PBXShellScriptBuildPhase section */
		24A31753D0890168C77AA4DA /* [CP] Embed Pods Frameworks */ = {
			isa = PBXShellScriptBuildPhase;
			buildActionMask = 2147483647;
			files = (
			);
			inputFileListPaths = (
			);
			inputPaths = (
				"${SRCROOT}/Pods/Target Support Files/Pods-components-IOS/Pods-components-IOS-frameworks.sh",
				"${BUILT_PRODUCTS_DIR}/SnapKit/SnapKit.framework",
			);
			name = "[CP] Embed Pods Frameworks";
			outputFileListPaths = (
			);
			outputPaths = (
				"${TARGET_BUILD_DIR}/${FRAMEWORKS_FOLDER_PATH}/SnapKit.framework",
			);
			runOnlyForDeploymentPostprocessing = 0;
			shellPath = /bin/sh;
			shellScript = "\"${SRCROOT}/Pods/Target Support Files/Pods-components-IOS/Pods-components-IOS-frameworks.sh\"\n";
			showEnvVarsInLog = 0;
		};
		C04A97DD85F794CC67B40673 /* [CP] Check Pods Manifest.lock */ = {
			isa = PBXShellScriptBuildPhase;
			buildActionMask = 2147483647;
			files = (
			);
			inputFileListPaths = (
			);
			inputPaths = (
				"${PODS_PODFILE_DIR_PATH}/Podfile.lock",
				"${PODS_ROOT}/Manifest.lock",
			);
			name = "[CP] Check Pods Manifest.lock";
			outputFileListPaths = (
			);
			outputPaths = (
				"$(DERIVED_FILE_DIR)/Pods-components-IOS-checkManifestLockResult.txt",
			);
			runOnlyForDeploymentPostprocessing = 0;
			shellPath = /bin/sh;
			shellScript = "diff \"${PODS_PODFILE_DIR_PATH}/Podfile.lock\" \"${PODS_ROOT}/Manifest.lock\" > /dev/null\nif [ $? != 0 ] ; then\n    # print error to STDERR\n    echo \"error: The sandbox is not in sync with the Podfile.lock. Run 'pod install' or update your CocoaPods installation.\" >&2\n    exit 1\nfi\n# This output is used by Xcode 'outputs' to avoid re-running this script phase.\necho \"SUCCESS\" > \"${SCRIPT_OUTPUT_FILE_0}\"\n";
			showEnvVarsInLog = 0;
		};
/* End PBXShellScriptBuildPhase section */

/* Begin PBXSourcesBuildPhase section */
		DDE9C337220B6DDF002B0BF9 /* Sources */ = {
			isa = PBXSourcesBuildPhase;
			buildActionMask = 2147483647;
			files = (
				DDE9C35C220B6F7E002B0BF9 /* PlacesViewModel.swift in Sources */,
				DDE9C35E220B6FA9002B0BF9 /* PlacesViewController.swift in Sources */,
				DDE9C341220B6DDF002B0BF9 /* ViewController.swift in Sources */,
				DDBCC741221F087300146605 /* Styles.swift in Sources */,
				DDE9C33F220B6DDF002B0BF9 /* AppDelegate.swift in Sources */,
				DDC37073221DED9C007DB9DF /* CalculateAgeViewController.swift in Sources */,
				DD34BD64220DCAEA0028341A /* LocationManager.swift in Sources */,
				DD5E4515221EF54300A1AD87 /* CalculateAgeViewModel.swift in Sources */,
				DDBCC745221F0D0400146605 /* CornerRectangleTextField.swift in Sources */,
				DDBCC743221F0AA000146605 /* Colors.swift in Sources */,
				DD34BD69220DE0010028341A /* GPSModel.swift in Sources */,
				DDE9C357220B6EEF002B0BF9 /* APIService.swift in Sources */,
				DDE9C35A220B6F5B002B0BF9 /* PlaceListTableViewCell.swift in Sources */,
				DDE9C354220B6EAD002B0BF9 /* PlacesModel.swift in Sources */,
			);
			runOnlyForDeploymentPostprocessing = 0;
		};
/* End PBXSourcesBuildPhase section */

/* Begin PBXVariantGroup section */
		DD5E4511221EE86800A1AD87 /* Main.storyboard */ = {
			isa = PBXVariantGroup;
			children = (
				DD5E4512221EE86800A1AD87 /* Base */,
			);
			name = Main.storyboard;
			sourceTree = "<group>";
		};
		DDE9C347220B6DE1002B0BF9 /* LaunchScreen.storyboard */ = {
			isa = PBXVariantGroup;
			children = (
				DDE9C348220B6DE1002B0BF9 /* Base */,
			);
			name = LaunchScreen.storyboard;
			sourceTree = "<group>";
		};
/* End PBXVariantGroup section */

/* Begin XCBuildConfiguration section */
		DDE9C34B220B6DE1002B0BF9 /* Debug */ = {
			isa = XCBuildConfiguration;
			buildSettings = {
				ALWAYS_SEARCH_USER_PATHS = NO;
				CLANG_ANALYZER_NONNULL = YES;
				CLANG_ANALYZER_NUMBER_OBJECT_CONVERSION = YES_AGGRESSIVE;
				CLANG_CXX_LANGUAGE_STANDARD = "gnu++14";
				CLANG_CXX_LIBRARY = "libc++";
				CLANG_ENABLE_MODULES = YES;
				CLANG_ENABLE_OBJC_ARC = YES;
				CLANG_ENABLE_OBJC_WEAK = YES;
				CLANG_WARN_BLOCK_CAPTURE_AUTORELEASING = YES;
				CLANG_WARN_BOOL_CONVERSION = YES;
				CLANG_WARN_COMMA = YES;
				CLANG_WARN_CONSTANT_CONVERSION = YES;
				CLANG_WARN_DEPRECATED_OBJC_IMPLEMENTATIONS = YES;
				CLANG_WARN_DIRECT_OBJC_ISA_USAGE = YES_ERROR;
				CLANG_WARN_DOCUMENTATION_COMMENTS = YES;
				CLANG_WARN_EMPTY_BODY = YES;
				CLANG_WARN_ENUM_CONVERSION = YES;
				CLANG_WARN_INFINITE_RECURSION = YES;
				CLANG_WARN_INT_CONVERSION = YES;
				CLANG_WARN_NON_LITERAL_NULL_CONVERSION = YES;
				CLANG_WARN_OBJC_IMPLICIT_RETAIN_SELF = YES;
				CLANG_WARN_OBJC_LITERAL_CONVERSION = YES;
				CLANG_WARN_OBJC_ROOT_CLASS = YES_ERROR;
				CLANG_WARN_RANGE_LOOP_ANALYSIS = YES;
				CLANG_WARN_STRICT_PROTOTYPES = YES;
				CLANG_WARN_SUSPICIOUS_MOVE = YES;
				CLANG_WARN_UNGUARDED_AVAILABILITY = YES_AGGRESSIVE;
				CLANG_WARN_UNREACHABLE_CODE = YES;
				CLANG_WARN__DUPLICATE_METHOD_MATCH = YES;
				CODE_SIGN_IDENTITY = "iPhone Developer";
				COPY_PHASE_STRIP = NO;
				DEBUG_INFORMATION_FORMAT = dwarf;
				ENABLE_STRICT_OBJC_MSGSEND = YES;
				ENABLE_TESTABILITY = YES;
				GCC_C_LANGUAGE_STANDARD = gnu11;
				GCC_DYNAMIC_NO_PIC = NO;
				GCC_NO_COMMON_BLOCKS = YES;
				GCC_OPTIMIZATION_LEVEL = 0;
				GCC_PREPROCESSOR_DEFINITIONS = (
					"DEBUG=1",
					"$(inherited)",
				);
				GCC_WARN_64_TO_32_BIT_CONVERSION = YES;
				GCC_WARN_ABOUT_RETURN_TYPE = YES_ERROR;
				GCC_WARN_UNDECLARED_SELECTOR = YES;
				GCC_WARN_UNINITIALIZED_AUTOS = YES_AGGRESSIVE;
				GCC_WARN_UNUSED_FUNCTION = YES;
				GCC_WARN_UNUSED_VARIABLE = YES;
				IPHONEOS_DEPLOYMENT_TARGET = 12.1;
				MTL_ENABLE_DEBUG_INFO = INCLUDE_SOURCE;
				MTL_FAST_MATH = YES;
				ONLY_ACTIVE_ARCH = YES;
				SDKROOT = iphoneos;
				SWIFT_ACTIVE_COMPILATION_CONDITIONS = DEBUG;
				SWIFT_OPTIMIZATION_LEVEL = "-Onone";
			};
			name = Debug;
		};
		DDE9C34C220B6DE1002B0BF9 /* Release */ = {
			isa = XCBuildConfiguration;
			buildSettings = {
				ALWAYS_SEARCH_USER_PATHS = NO;
				CLANG_ANALYZER_NONNULL = YES;
				CLANG_ANALYZER_NUMBER_OBJECT_CONVERSION = YES_AGGRESSIVE;
				CLANG_CXX_LANGUAGE_STANDARD = "gnu++14";
				CLANG_CXX_LIBRARY = "libc++";
				CLANG_ENABLE_MODULES = YES;
				CLANG_ENABLE_OBJC_ARC = YES;
				CLANG_ENABLE_OBJC_WEAK = YES;
				CLANG_WARN_BLOCK_CAPTURE_AUTORELEASING = YES;
				CLANG_WARN_BOOL_CONVERSION = YES;
				CLANG_WARN_COMMA = YES;
				CLANG_WARN_CONSTANT_CONVERSION = YES;
				CLANG_WARN_DEPRECATED_OBJC_IMPLEMENTATIONS = YES;
				CLANG_WARN_DIRECT_OBJC_ISA_USAGE = YES_ERROR;
				CLANG_WARN_DOCUMENTATION_COMMENTS = YES;
				CLANG_WARN_EMPTY_BODY = YES;
				CLANG_WARN_ENUM_CONVERSION = YES;
				CLANG_WARN_INFINITE_RECURSION = YES;
				CLANG_WARN_INT_CONVERSION = YES;
				CLANG_WARN_NON_LITERAL_NULL_CONVERSION = YES;
				CLANG_WARN_OBJC_IMPLICIT_RETAIN_SELF = YES;
				CLANG_WARN_OBJC_LITERAL_CONVERSION = YES;
				CLANG_WARN_OBJC_ROOT_CLASS = YES_ERROR;
				CLANG_WARN_RANGE_LOOP_ANALYSIS = YES;
				CLANG_WARN_STRICT_PROTOTYPES = YES;
				CLANG_WARN_SUSPICIOUS_MOVE = YES;
				CLANG_WARN_UNGUARDED_AVAILABILITY = YES_AGGRESSIVE;
				CLANG_WARN_UNREACHABLE_CODE = YES;
				CLANG_WARN__DUPLICATE_METHOD_MATCH = YES;
				CODE_SIGN_IDENTITY = "iPhone Developer";
				COPY_PHASE_STRIP = NO;
				DEBUG_INFORMATION_FORMAT = "dwarf-with-dsym";
				ENABLE_NS_ASSERTIONS = NO;
				ENABLE_STRICT_OBJC_MSGSEND = YES;
				GCC_C_LANGUAGE_STANDARD = gnu11;
				GCC_NO_COMMON_BLOCKS = YES;
				GCC_WARN_64_TO_32_BIT_CONVERSION = YES;
				GCC_WARN_ABOUT_RETURN_TYPE = YES_ERROR;
				GCC_WARN_UNDECLARED_SELECTOR = YES;
				GCC_WARN_UNINITIALIZED_AUTOS = YES_AGGRESSIVE;
				GCC_WARN_UNUSED_FUNCTION = YES;
				GCC_WARN_UNUSED_VARIABLE = YES;
				IPHONEOS_DEPLOYMENT_TARGET = 12.1;
				MTL_ENABLE_DEBUG_INFO = NO;
				MTL_FAST_MATH = YES;
				SDKROOT = iphoneos;
				SWIFT_COMPILATION_MODE = wholemodule;
				SWIFT_OPTIMIZATION_LEVEL = "-O";
				VALIDATE_PRODUCT = YES;
			};
			name = Release;
		};
		DDE9C34E220B6DE1002B0BF9 /* Debug */ = {
			isa = XCBuildConfiguration;
			baseConfigurationReference = C81AD7DF8E4AA8AA22091815 /* Pods-components-IOS.debug.xcconfig */;
			buildSettings = {
				ASSETCATALOG_COMPILER_APPICON_NAME = AppIcon;
				CODE_SIGN_STYLE = Automatic;
				INFOPLIST_FILE = "components-IOS/Info.plist";
				LD_RUNPATH_SEARCH_PATHS = (
					"$(inherited)",
					"@executable_path/Frameworks",
				);
				PRODUCT_BUNDLE_IDENTIFIER = "UpperDev.components-IOS";
				PRODUCT_NAME = "$(TARGET_NAME)";
				SWIFT_VERSION = 4.2;
				TARGETED_DEVICE_FAMILY = "1,2";
			};
			name = Debug;
		};
		DDE9C34F220B6DE1002B0BF9 /* Release */ = {
			isa = XCBuildConfiguration;
			baseConfigurationReference = 577D9A355D29A5400B9A69E8 /* Pods-components-IOS.release.xcconfig */;
			buildSettings = {
				ASSETCATALOG_COMPILER_APPICON_NAME = AppIcon;
				CODE_SIGN_STYLE = Automatic;
				INFOPLIST_FILE = "components-IOS/Info.plist";
				LD_RUNPATH_SEARCH_PATHS = (
					"$(inherited)",
					"@executable_path/Frameworks",
				);
				PRODUCT_BUNDLE_IDENTIFIER = "UpperDev.components-IOS";
				PRODUCT_NAME = "$(TARGET_NAME)";
				SWIFT_VERSION = 4.2;
				TARGETED_DEVICE_FAMILY = "1,2";
			};
			name = Release;
		};
/* End XCBuildConfiguration section */

/* Begin XCConfigurationList section */
		DDE9C336220B6DDF002B0BF9 /* Build configuration list for PBXProject "components-IOS" */ = {
			isa = XCConfigurationList;
			buildConfigurations = (
				DDE9C34B220B6DE1002B0BF9 /* Debug */,
				DDE9C34C220B6DE1002B0BF9 /* Release */,
			);
			defaultConfigurationIsVisible = 0;
			defaultConfigurationName = Release;
		};
		DDE9C34D220B6DE1002B0BF9 /* Build configuration list for PBXNativeTarget "components-IOS" */ = {
			isa = XCConfigurationList;
			buildConfigurations = (
				DDE9C34E220B6DE1002B0BF9 /* Debug */,
				DDE9C34F220B6DE1002B0BF9 /* Release */,
			);
			defaultConfigurationIsVisible = 0;
			defaultConfigurationName = Release;
		};
/* End XCConfigurationList section */
	};
	rootObject = DDE9C333220B6DDF002B0BF9 /* Project object */;
}
